<?xml version="1.0" encoding="utf-8"?>
<Project ToolsVersion="4.0" xmlns="http://schemas.microsoft.com/developer/msbuild/2003">
  <ItemGroup>
    <Filter Include="Source Files">
      <UniqueIdentifier>{50c78b0b-447c-45ab-ad32-45269d54d772}</UniqueIdentifier>
      <Extensions>cpp;c;cxx;rc;def;r;odl;hpj;bat;for;f90</Extensions>
    </Filter>
    <Filter Include="Header Files">
      <UniqueIdentifier>{669b6099-5b30-4f2a-9d89-3827ab948586}</UniqueIdentifier>
      <Extensions>h;hpp;hxx;hm;inl;fi;fd</Extensions>
    </Filter>
    <Filter Include="Resource Files">
      <UniqueIdentifier>{35aaefa2-37b0-47b9-881e-2cd2b5005c1d}</UniqueIdentifier>
      <Extensions>ico;cur;bmp;dlg;rc2;rct;bin;cnt;rtf;gif;jpg;jpeg;jpe</Extensions>
    </Filter>
  </ItemGroup>
  <ItemGroup>
    <ClCompile Include="AboutDlg.cpp">
      <Filter>Source Files</Filter>
    </ClCompile>
    <ClCompile Include="AutoResizer.cpp">
      <Filter>Source Files</Filter>
    </ClCompile>
    <ClCompile Include="Base64.cpp">
      <Filter>Source Files</Filter>
    </ClCompile>
    <ClCompile Include="BasicAuthorizationDlg.cpp">
      <Filter>Source Files</Filter>
    </ClCompile>
    <ClCompile Include="BCMenu.cpp">
      <Filter>Source Files</Filter>
    </ClCompile>
    <ClCompile Include="BitmapClient.cpp">
      <Filter>Source Files</Filter>
    </ClCompile>
    <ClCompile Include="CheckExecPasswdDlg.cpp">
      <Filter>Source Files</Filter>
    </ClCompile>
    <ClCompile Include="ChildFrm.cpp">
      <Filter>Source Files</Filter>
    </ClCompile>
    <ClCompile Include="ClipBoardViewDlg.cpp">
      <Filter>Source Files</Filter>
    </ClCompile>
    <ClCompile Include="CodeConvDlg.cpp">
      <Filter>Source Files</Filter>
    </ClCompile>
    <ClCompile Include="CodeConvManager.cpp">
      <Filter>Source Files</Filter>
    </ClCompile>
    <ClCompile Include="CodeConvStatusDlg.cpp">
      <Filter>Source Files</Filter>
    </ClCompile>
    <ClCompile Include="ColorButton.cpp">
      <Filter>Source Files</Filter>
    </ClCompile>
    <ClCompile Include="ColorManager.cpp">
      <Filter>Source Files</Filter>
    </ClCompile>
    <ClCompile Include="DateMaskEdit.cpp">
      <Filter>Source Files</Filter>
    </ClCompile>
    <ClCompile Include="DdeClient.cpp">
      <Filter>Source Files</Filter>
    </ClCompile>
    <ClCompile Include="DdeServer.cpp">
      <Filter>Source Files</Filter>
    </ClCompile>
    <ClCompile Include="DecriptDlg.cpp">
      <Filter>Source Files</Filter>
    </ClCompile>
    <ClCompile Include="DecriptStatusDlg.cpp">
      <Filter>Source Files</Filter>
    </ClCompile>
    <ClCompile Include="DirCompare.cpp">
      <Filter>Source Files</Filter>
    </ClCompile>
    <ClCompile Include="DirCompareDlg.cpp">
      <Filter>Source Files</Filter>
    </ClCompile>
    <ClCompile Include="DirCompareResultDlg.cpp">
      <Filter>Source Files</Filter>
    </ClCompile>
    <ClCompile Include="DirCompareStatusDlg.cpp">
      <Filter>Source Files</Filter>
    </ClCompile>
    <ClCompile Include="DirDialog.cpp">
      <Filter>Source Files</Filter>
    </ClCompile>
    <ClCompile Include="Editor.cpp">
      <Filter>Source Files</Filter>
    </ClCompile>
    <ClCompile Include="EditorDoc.cpp">
      <Filter>Source Files</Filter>
    </ClCompile>
    <ClCompile Include="EditorView.cpp">
      <Filter>Source Files</Filter>
    </ClCompile>
    <ClCompile Include="EditorView2.cpp">
      <Filter>Source Files</Filter>
    </ClCompile>
    <ClCompile Include="EncriptDlg.cpp">
      <Filter>Source Files</Filter>
    </ClCompile>
    <ClCompile Include="EncriptStatusDlg.cpp">
      <Filter>Source Files</Filter>
    </ClCompile>
    <ClCompile Include="ExecPasswdDlg.cpp">
      <Filter>Source Files</Filter>
    </ClCompile>
    <ClCompile Include="FileCompare.cpp">
      <Filter>Source Files</Filter>
    </ClCompile>
    <ClCompile Include="FileCompareResultDlg.cpp">
      <Filter>Source Files</Filter>
    </ClCompile>
    <ClCompile Include="FileCompareStatusDlg.cpp">
      <Filter>Source Files</Filter>
    </ClCompile>
    <ClCompile Include="FileCopyDlg.cpp">
      <Filter>Source Files</Filter>
    </ClCompile>
    <ClCompile Include="FileDialogEx.cpp">
      <Filter>Source Files</Filter>
    </ClCompile>
    <ClCompile Include="FileMoveDlg.cpp">
      <Filter>Source Files</Filter>
    </ClCompile>
    <ClCompile Include="FilePropertyDlg.cpp">
      <Filter>Source Files</Filter>
    </ClCompile>
    <ClCompile Include="FileRenameDlg.cpp">
      <Filter>Source Files</Filter>
    </ClCompile>
    <ClCompile Include="FileSearchDlg.cpp">
      <Filter>Source Files</Filter>
    </ClCompile>
    <ClCompile Include="FileSearchStatusDlg.cpp">
      <Filter>Source Files</Filter>
    </ClCompile>
    <ClCompile Include="FileTouchDlg.cpp">
      <Filter>Source Files</Filter>
    </ClCompile>
    <ClCompile Include="FindDlg.cpp">
      <Filter>Source Files</Filter>
    </ClCompile>
    <ClCompile Include="FolderDialog.cpp">
      <Filter>Source Files</Filter>
    </ClCompile>
    <ClCompile Include="GlobalData.cpp">
      <Filter>Source Files</Filter>
    </ClCompile>
    <ClCompile Include="GrepDlg.cpp">
      <Filter>Source Files</Filter>
    </ClCompile>
    <ClCompile Include="GrepStatusDlg.cpp">
      <Filter>Source Files</Filter>
    </ClCompile>
    <ClCompile Include="HtmlOpenDlg.cpp">
      <Filter>Source Files</Filter>
    </ClCompile>
    <ClCompile Include="HtmlOpenResultDlg.cpp">
      <Filter>Source Files</Filter>
    </ClCompile>
    <ClCompile Include="HtmlOpenStatusDlg.cpp">
      <Filter>Source Files</Filter>
    </ClCompile>
    <ClCompile Include="http.cpp">
      <Filter>Source Files</Filter>
    </ClCompile>
    <ClCompile Include="HyperLink.cpp">
      <Filter>Source Files</Filter>
    </ClCompile>
    <ClCompile Include="KaigyoConvDlg.cpp">
      <Filter>Source Files</Filter>
    </ClCompile>
    <ClCompile Include="KaigyoConvStatusDlg.cpp">
      <Filter>Source Files</Filter>
    </ClCompile>
    <ClCompile Include="KeyBind.cpp">
      <Filter>Source Files</Filter>
    </ClCompile>
    <ClCompile Include="KeyBindListDlg.cpp">
      <Filter>Source Files</Filter>
    </ClCompile>
    <ClCompile Include="KeyBindManager.cpp">
      <Filter>Source Files</Filter>
    </ClCompile>
    <ClCompile Include="KeyOpeDispDlg.cpp">
      <Filter>Source Files</Filter>
    </ClCompile>
    <ClCompile Include="Label.cpp">
      <Filter>Source Files</Filter>
    </ClCompile>
    <ClCompile Include="Line.cpp">
      <Filter>Source Files</Filter>
    </ClCompile>
    <ClCompile Include="LineJumpDlg.cpp">
      <Filter>Source Files</Filter>
    </ClCompile>
    <ClCompile Include="LineManager.cpp">
      <Filter>Source Files</Filter>
    </ClCompile>
    <ClCompile Include="ListCtrlEx.cpp">
      <Filter>Source Files</Filter>
    </ClCompile>
    <ClCompile Include="MailListDlg.cpp">
      <Filter>Source Files</Filter>
    </ClCompile>
    <ClCompile Include="MailListStatusDlg.cpp">
      <Filter>Source Files</Filter>
    </ClCompile>
    <ClCompile Include="MailSendDlg.cpp">
      <Filter>Source Files</Filter>
    </ClCompile>
    <ClCompile Include="MailSendStatusDlg.cpp">
      <Filter>Source Files</Filter>
    </ClCompile>
    <ClCompile Include="MainFrm.cpp">
      <Filter>Source Files</Filter>
    </ClCompile>
    <ClCompile Include="MarkLineListDlg.cpp">
      <Filter>Source Files</Filter>
    </ClCompile>
    <ClCompile Include="MyComboBoxEx.cpp">
      <Filter>Source Files</Filter>
    </ClCompile>
    <ClCompile Include="MyComboBoxEx2.cpp">
      <Filter>Source Files</Filter>
    </ClCompile>
    <ClCompile Include="MyDes.cpp">
      <Filter>Source Files</Filter>
    </ClCompile>
    <ClCompile Include="Myfeal.cpp">
      <Filter>Source Files</Filter>
    </ClCompile>
    <ClCompile Include="Mymd5.cpp">
      <Filter>Source Files</Filter>
    </ClCompile>
    <ClCompile Include="MyPropertyPage1.cpp">
      <Filter>Source Files</Filter>
    </ClCompile>
    <ClCompile Include="MyPropertyPage10.cpp">
      <Filter>Source Files</Filter>
    </ClCompile>
    <ClCompile Include="MyPropertyPage11.cpp">
      <Filter>Source Files</Filter>
    </ClCompile>
    <ClCompile Include="MyPropertyPage12.cpp">
      <Filter>Source Files</Filter>
    </ClCompile>
    <ClCompile Include="MyPropertyPage2.cpp">
      <Filter>Source Files</Filter>
    </ClCompile>
    <ClCompile Include="MyPropertyPage3.cpp">
      <Filter>Source Files</Filter>
    </ClCompile>
    <ClCompile Include="MyPropertyPage4.cpp">
      <Filter>Source Files</Filter>
    </ClCompile>
    <ClCompile Include="MyPropertyPage5.cpp">
      <Filter>Source Files</Filter>
    </ClCompile>
    <ClCompile Include="MyPropertyPage6.cpp">
      <Filter>Source Files</Filter>
    </ClCompile>
    <ClCompile Include="MyPropertyPage7.cpp">
      <Filter>Source Files</Filter>
    </ClCompile>
    <ClCompile Include="MyPropertyPage8.cpp">
      <Filter>Source Files</Filter>
    </ClCompile>
    <ClCompile Include="MyPropertyPage9.cpp">
      <Filter>Source Files</Filter>
    </ClCompile>
    <ClCompile Include="MyPropertySheet.cpp">
      <Filter>Source Files</Filter>
    </ClCompile>
    <ClCompile Include="MySha1.cpp">
      <Filter>Source Files</Filter>
    </ClCompile>
    <ClCompile Include="Operation.cpp">
      <Filter>Source Files</Filter>
    </ClCompile>
    <ClCompile Include="OperationManager.cpp">
      <Filter>Source Files</Filter>
    </ClCompile>
    <ClCompile Include="pop.cpp">
      <Filter>Source Files</Filter>
    </ClCompile>
    <ClCompile Include="QuotedPrintable.cpp">
      <Filter>Source Files</Filter>
    </ClCompile>
    <ClCompile Include="ReplaceDlg.cpp">
      <Filter>Source Files</Filter>
    </ClCompile>
    <ClCompile Include="SetLicenseDlg.cpp">
      <Filter>Source Files</Filter>
    </ClCompile>
    <ClCompile Include="smtp.cpp">
      <Filter>Source Files</Filter>
    </ClCompile>
    <ClCompile Include="Splash.cpp">
      <Filter>Source Files</Filter>
    </ClCompile>
    <ClCompile Include="StaticData.cpp">
      <Filter>Source Files</Filter>
    </ClCompile>
    <ClCompile Include="StaticFilespec.cpp">
      <Filter>Source Files</Filter>
    </ClCompile>
    <ClCompile Include="StdAfx.cpp">
      <Filter>Source Files</Filter>
    </ClCompile>
    <ClCompile Include="TimeMaskEdit.cpp">
      <Filter>Source Files</Filter>
    </ClCompile>
    <ClCompile Include="ToolBarEx.cpp">
      <Filter>Source Files</Filter>
    </ClCompile>
    <ClCompile Include="UndoItem.cpp">
      <Filter>Source Files</Filter>
    </ClCompile>
    <ClCompile Include="UndoItemAddCharacter.cpp">
      <Filter>Source Files</Filter>
    </ClCompile>
    <ClCompile Include="UndoItemAl2Lower.cpp">
      <Filter>Source Files</Filter>
    </ClCompile>
    <ClCompile Include="UndoItemAl2Upper.cpp">
      <Filter>Source Files</Filter>
    </ClCompile>
    <ClCompile Include="UndoItemAlnumHan2Zen.cpp">
      <Filter>Source Files</Filter>
    </ClCompile>
    <ClCompile Include="UndoItemAlnumZen2Han.cpp">
      <Filter>Source Files</Filter>
    </ClCompile>
    <ClCompile Include="UndoItemBackSpaceChar.cpp">
      <Filter>Source Files</Filter>
    </ClCompile>
    <ClCompile Include="UndoItemCutSelectArea.cpp">
      <Filter>Source Files</Filter>
    </ClCompile>
    <ClCompile Include="UndoItemDelAsmComment.cpp">
      <Filter>Source Files</Filter>
    </ClCompile>
    <ClCompile Include="UndoItemDelChar.cpp">
      <Filter>Source Files</Filter>
    </ClCompile>
    <ClCompile Include="UndoItemDelCppComment.cpp">
      <Filter>Source Files</Filter>
    </ClCompile>
    <ClCompile Include="UndoItemDelQuote.cpp">
      <Filter>Source Files</Filter>
    </ClCompile>
    <ClCompile Include="UndoItemDelTopSpaces.cpp">
      <Filter>Source Files</Filter>
    </ClCompile>
    <ClCompile Include="UndoItemDelVbComment.cpp">
      <Filter>Source Files</Filter>
    </ClCompile>
    <ClCompile Include="UndoItemEditPaste.cpp">
      <Filter>Source Files</Filter>
    </ClCompile>
    <ClCompile Include="UndoItemInsAsmComment.cpp">
      <Filter>Source Files</Filter>
    </ClCompile>
    <ClCompile Include="UndoItemInsCppComment.cpp">
      <Filter>Source Files</Filter>
    </ClCompile>
    <ClCompile Include="UndoItemInsDay.cpp">
      <Filter>Source Files</Filter>
    </ClCompile>
    <ClCompile Include="UndoItemInsQuote.cpp">
      <Filter>Source Files</Filter>
    </ClCompile>
    <ClCompile Include="UndoItemInsTime.cpp">
      <Filter>Source Files</Filter>
    </ClCompile>
    <ClCompile Include="UndoItemInsVbComment.cpp">
      <Filter>Source Files</Filter>
    </ClCompile>
    <ClCompile Include="UndoItemKatakanaHan2Zen.cpp">
      <Filter>Source Files</Filter>
    </ClCompile>
    <ClCompile Include="UndoItemKatakanaZen2Han.cpp">
      <Filter>Source Files</Filter>
    </ClCompile>
    <ClCompile Include="UndoItemOleDrop.cpp">
      <Filter>Source Files</Filter>
    </ClCompile>
    <ClCompile Include="UndoItemReplaceSelectWord.cpp">
      <Filter>Source Files</Filter>
    </ClCompile>
    <ClCompile Include="UndoItemReturn.cpp">
      <Filter>Source Files</Filter>
    </ClCompile>
    <ClCompile Include="UndoItemShiftTabWhenSelected.cpp">
      <Filter>Source Files</Filter>
    </ClCompile>
    <ClCompile Include="UndoItemSpace2Tab.cpp">
      <Filter>Source Files</Filter>
    </ClCompile>
    <ClCompile Include="UndoItemSpaceHan2Zen.cpp">
      <Filter>Source Files</Filter>
    </ClCompile>
    <ClCompile Include="UndoItemSpaceZen2Han.cpp">
      <Filter>Source Files</Filter>
    </ClCompile>
    <ClCompile Include="UndoItemTab2Space.cpp">
      <Filter>Source Files</Filter>
    </ClCompile>
    <ClCompile Include="UndoItemTabWhenSelected.cpp">
      <Filter>Source Files</Filter>
    </ClCompile>
    <ClCompile Include="UndoManager.cpp">
      <Filter>Source Files</Filter>
    </ClCompile>
    <ClCompile Include="Uudecoder.cpp">
      <Filter>Source Files</Filter>
    </ClCompile>
    <ClCompile Include="Uuencoder.cpp">
      <Filter>Source Files</Filter>
    </ClCompile>
    <ClCompile Include="WCntStatusDlg.cpp">
      <Filter>Source Files</Filter>
    </ClCompile>
    <ClCompile Include="WordCountDlg.cpp">
      <Filter>Source Files</Filter>
    </ClCompile>
  </ItemGroup>
  <ItemGroup>
    <ResourceCompile Include="Editor.rc">
      <Filter>Source Files</Filter>
    </ResourceCompile>
  </ItemGroup>
  <ItemGroup>
    <Text Include="ReadMe.txt">
      <Filter>Source Files</Filter>
    </Text>
  </ItemGroup>
  <ItemGroup>
    <ClInclude Include="AboutDlg.h">
      <Filter>Header Files</Filter>
    </ClInclude>
    <ClInclude Include="BasicAuthorizationDlg.h">
      <Filter>Header Files</Filter>
    </ClInclude>
    <ClInclude Include="BCMenu.h">
      <Filter>Header Files</Filter>
    </ClInclude>
    <ClInclude Include="BitmapClient.h">
      <Filter>Header Files</Filter>
    </ClInclude>
    <ClInclude Include="CheckExecPasswdDlg.h">
      <Filter>Header Files</Filter>
    </ClInclude>
    <ClInclude Include="ChildFrm.h">
      <Filter>Header Files</Filter>
    </ClInclude>
    <ClInclude Include="ClipBoardViewDlg.h">
      <Filter>Header Files</Filter>
    </ClInclude>
    <ClInclude Include="CodeConvDlg.h">
      <Filter>Header Files</Filter>
    </ClInclude>
    <ClInclude Include="CodeConvManager.h">
      <Filter>Header Files</Filter>
    </ClInclude>
    <ClInclude Include="CodeConvStatusDlg.h">
      <Filter>Header Files</Filter>
    </ClInclude>
    <ClInclude Include="ColorButton.h">
      <Filter>Header Files</Filter>
    </ClInclude>
    <ClInclude Include="ColorManager.h">
      <Filter>Header Files</Filter>
    </ClInclude>
    <ClInclude Include="DecriptDlg.h">
      <Filter>Header Files</Filter>
    </ClInclude>
    <ClInclude Include="DecriptStatusDlg.h">
      <Filter>Header Files</Filter>
    </ClInclude>
    <ClInclude Include="DirCompareResultDlg.h">
      <Filter>Header Files</Filter>
    </ClInclude>
    <ClInclude Include="DirDialog.h">
      <Filter>Header Files</Filter>
    </ClInclude>
    <ClInclude Include="Editor.h">
      <Filter>Header Files</Filter>
    </ClInclude>
    <ClInclude Include="Editor_Def.h">
      <Filter>Header Files</Filter>
    </ClInclude>
    <ClInclude Include="EditorDoc.h">
      <Filter>Header Files</Filter>
    </ClInclude>
    <ClInclude Include="EditorView.h">
      <Filter>Header Files</Filter>
    </ClInclude>
    <ClInclude Include="EncriptStatusDlg.h">
      <Filter>Header Files</Filter>
    </ClInclude>
    <ClInclude Include="ExecPasswdDlg.h">
      <Filter>Header Files</Filter>
    </ClInclude>
    <ClInclude Include="FileCompareStatusDlg.h">
      <Filter>Header Files</Filter>
    </ClInclude>
    <ClInclude Include="FileDialogEx.h">
      <Filter>Header Files</Filter>
    </ClInclude>
    <ClInclude Include="FilePropertyDlg.h">
      <Filter>Header Files</Filter>
    </ClInclude>
    <ClInclude Include="FileSearchDlg.h">
      <Filter>Header Files</Filter>
    </ClInclude>
    <ClInclude Include="FileSearchStatusDlg.h">
      <Filter>Header Files</Filter>
    </ClInclude>
    <ClInclude Include="FindDlg.h">
      <Filter>Header Files</Filter>
    </ClInclude>
    <ClInclude Include="GrepDlg.h">
      <Filter>Header Files</Filter>
    </ClInclude>
    <ClInclude Include="GrepStatusDlg.h">
      <Filter>Header Files</Filter>
    </ClInclude>
    <ClInclude Include="HtmlOpenDlg.h">
      <Filter>Header Files</Filter>
    </ClInclude>
    <ClInclude Include="HtmlOpenResultDlg.h">
      <Filter>Header Files</Filter>
    </ClInclude>
    <ClInclude Include="HtmlOpenStatusDlg.h">
      <Filter>Header Files</Filter>
    </ClInclude>
    <ClInclude Include="HyperLink.h">
      <Filter>Header Files</Filter>
    </ClInclude>
    <ClInclude Include="KaigyoConvDlg.h">
      <Filter>Header Files</Filter>
    </ClInclude>
    <ClInclude Include="KaigyoConvStatusDlg.h">
      <Filter>Header Files</Filter>
    </ClInclude>
    <ClInclude Include="KeyBind.h">
      <Filter>Header Files</Filter>
    </ClInclude>
    <ClInclude Include="KeyBindListDlg.h">
      <Filter>Header Files</Filter>
    </ClInclude>
    <ClInclude Include="KeyBindManager.h">
      <Filter>Header Files</Filter>
    </ClInclude>
    <ClInclude Include="KeyOpeDispDlg.h">
      <Filter>Header Files</Filter>
    </ClInclude>
    <ClInclude Include="Line.h">
      <Filter>Header Files</Filter>
    </ClInclude>
    <ClInclude Include="LineJumpDlg.h">
      <Filter>Header Files</Filter>
    </ClInclude>
    <ClInclude Include="LineManager.h">
      <Filter>Header Files</Filter>
    </ClInclude>
    <ClInclude Include="MailListDlg.h">
      <Filter>Header Files</Filter>
    </ClInclude>
    <ClInclude Include="MailListStatusDlg.h">
      <Filter>Header Files</Filter>
    </ClInclude>
    <ClInclude Include="MailSendDlg.h">
      <Filter>Header Files</Filter>
    </ClInclude>
    <ClInclude Include="MailSendStatusDlg.h">
      <Filter>Header Files</Filter>
    </ClInclude>
    <ClInclude Include="MainFrm.h">
      <Filter>Header Files</Filter>
    </ClInclude>
    <ClInclude Include="MarkLineListDlg.h">
      <Filter>Header Files</Filter>
    </ClInclude>
    <ClInclude Include="Myfeal.h">
      <Filter>Header Files</Filter>
    </ClInclude>
    <ClInclude Include="Mymd5.h">
      <Filter>Header Files</Filter>
    </ClInclude>
    <ClInclude Include="MyPropertyPage1.h">
      <Filter>Header Files</Filter>
    </ClInclude>
    <ClInclude Include="MyPropertyPage10.h">
      <Filter>Header Files</Filter>
    </ClInclude>
    <ClInclude Include="MyPropertyPage11.h">
      <Filter>Header Files</Filter>
    </ClInclude>
    <ClInclude Include="MyPropertyPage12.h">
      <Filter>Header Files</Filter>
    </ClInclude>
    <ClInclude Include="mypropertypage2.h">
      <Filter>Header Files</Filter>
    </ClInclude>
    <ClInclude Include="MyPropertyPage3.h">
      <Filter>Header Files</Filter>
    </ClInclude>
    <ClInclude Include="MyPropertyPage4.h">
      <Filter>Header Files</Filter>
    </ClInclude>
    <ClInclude Include="MyPropertyPage5.h">
      <Filter>Header Files</Filter>
    </ClInclude>
    <ClInclude Include="MyPropertyPage6.h">
      <Filter>Header Files</Filter>
    </ClInclude>
    <ClInclude Include="MyPropertyPage7.h">
      <Filter>Header Files</Filter>
    </ClInclude>
    <ClInclude Include="MyPropertyPage8.h">
      <Filter>Header Files</Filter>
    </ClInclude>
    <ClInclude Include="MyPropertyPage9.h">
      <Filter>Header Files</Filter>
    </ClInclude>
    <ClInclude Include="MyPropertySheet.h">
      <Filter>Header Files</Filter>
    </ClInclude>
    <ClInclude Include="Operation.h">
      <Filter>Header Files</Filter>
    </ClInclude>
    <ClInclude Include="OperationManager.h">
      <Filter>Header Files</Filter>
    </ClInclude>
    <ClInclude Include="ReplaceDlg.h">
      <Filter>Header Files</Filter>
    </ClInclude>
    <ClInclude Include="resource.h">
      <Filter>Header Files</Filter>
    </ClInclude>
    <ClInclude Include="SetLicenseDlg.h">
      <Filter>Header Files</Filter>
    </ClInclude>
    <ClInclude Include="Splash.h">
      <Filter>Header Files</Filter>
    </ClInclude>
    <ClInclude Include="StaticFilespec.h">
      <Filter>Header Files</Filter>
    </ClInclude>
    <ClInclude Include="StatusBarDisp.h">
      <Filter>Header Files</Filter>
    </ClInclude>
    <ClInclude Include="StdAfx.h">
      <Filter>Header Files</Filter>
    </ClInclude>
    <ClInclude Include="ToolBarEx.h">
      <Filter>Header Files</Filter>
    </ClInclude>
    <ClInclude Include="UndoItem.h">
      <Filter>Header Files</Filter>
    </ClInclude>
    <ClInclude Include="UndoItemAddCharacter.h">
      <Filter>Header Files</Filter>
    </ClInclude>
    <ClInclude Include="UndoItemAl2Lower.h">
      <Filter>Header Files</Filter>
    </ClInclude>
    <ClInclude Include="UndoItemAl2Upper.h">
      <Filter>Header Files</Filter>
    </ClInclude>
    <ClInclude Include="UndoItemAlnumHan2Zen.h">
      <Filter>Header Files</Filter>
    </ClInclude>
    <ClInclude Include="UndoItemAlnumZen2Han.h">
      <Filter>Header Files</Filter>
    </ClInclude>
    <ClInclude Include="UndoItemBackSpaceChar.h">
      <Filter>Header Files</Filter>
    </ClInclude>
    <ClInclude Include="UndoItemCutSelectArea.h">
      <Filter>Header Files</Filter>
    </ClInclude>
    <ClInclude Include="UndoItemDelChar.h">
      <Filter>Header Files</Filter>
    </ClInclude>
    <ClInclude Include="UndoItemDelTopSpaces.h">
      <Filter>Header Files</Filter>
    </ClInclude>
    <ClInclude Include="UndoItemEditPaste.h">
      <Filter>Header Files</Filter>
    </ClInclude>
    <ClInclude Include="UndoItemInsAsmComment.h">
      <Filter>Header Files</Filter>
    </ClInclude>
    <ClInclude Include="UndoItemInsCppComment.h">
      <Filter>Header Files</Filter>
    </ClInclude>
    <ClInclude Include="UndoItemInsDay.h">
      <Filter>Header Files</Filter>
    </ClInclude>
    <ClInclude Include="UndoItemInsTime.h">
      <Filter>Header Files</Filter>
    </ClInclude>
    <ClInclude Include="UndoItemInsVbComment.h">
      <Filter>Header Files</Filter>
    </ClInclude>
    <ClInclude Include="UndoItemKatakanaHan2Zen.h">
      <Filter>Header Files</Filter>
    </ClInclude>
    <ClInclude Include="UndoItemKatakanaZen2Han.h">
      <Filter>Header Files</Filter>
    </ClInclude>
    <ClInclude Include="UndoItemOleDrop.h">
      <Filter>Header Files</Filter>
    </ClInclude>
    <ClInclude Include="UndoItemReplaceSelectWord.h">
      <Filter>Header Files</Filter>
    </ClInclude>
    <ClInclude Include="UndoItemReturn.h">
      <Filter>Header Files</Filter>
    </ClInclude>
    <ClInclude Include="UndoItemShiftTabWhenSelected.h">
      <Filter>Header Files</Filter>
    </ClInclude>
    <ClInclude Include="UndoItemSpace2Tab.h">
      <Filter>Header Files</Filter>
    </ClInclude>
    <ClInclude Include="UndoItemSpaceHan2Zen.h">
      <Filter>Header Files</Filter>
    </ClInclude>
    <ClInclude Include="UndoItemSpaceZen2Han.h">
      <Filter>Header Files</Filter>
    </ClInclude>
    <ClInclude Include="UndoItemTab2Space.h">
      <Filter>Header Files</Filter>
    </ClInclude>
    <ClInclude Include="UndoItemTabWhenSelected.h">
      <Filter>Header Files</Filter>
    </ClInclude>
    <ClInclude Include="UndoManager.h">
      <Filter>Header Files</Filter>
    </ClInclude>
    <ClInclude Include="Uudecoder.h">
      <Filter>Header Files</Filter>
    </ClInclude>
    <ClInclude Include="WCntStatusDlg.h">
      <Filter>Header Files</Filter>
    </ClInclude>
    <ClInclude Include="WordCountDlg.h">
      <Filter>Header Files</Filter>
    </ClInclude>
    <ClInclude Include="zmouse.h">
      <Filter>Header Files</Filter>
    </ClInclude>
  </ItemGroup>
  <ItemGroup>
    <Image Include="res\auth.ico">
      <Filter>Resource Files</Filter>
    </Image>
    <Image Include="res\bar_edit.bmp">
      <Filter>Resource Files</Filter>
    </Image>
    <Image Include="res\bar_find.bmp">
      <Filter>Resource Files</Filter>
    </Image>
    <Image Include="res\bar_jump.bmp">
      <Filter>Resource Files</Filter>
    </Image>
    <Image Include="res\bar_tool.bmp">
      <Filter>Resource Files</Filter>
    </Image>
    <Image Include="res\bar_wnd.bmp">
      <Filter>Resource Files</Filter>
    </Image>
    <Image Include="res\bmp00001.bmp">
      <Filter>Resource Files</Filter>
    </Image>
    <Image Include="res\bmp00002.bmp">
      <Filter>Resource Files</Filter>
    </Image>
    <Image Include="res\bmp00003.bmp">
      <Filter>Resource Files</Filter>
    </Image>
    <Image Include="res\bmp00004.bmp">
      <Filter>Resource Files</Filter>
    </Image>
    <Image Include="res\bmp00005.bmp">
      <Filter>Resource Files</Filter>
    </Image>
    <Image Include="res\bmp00006.bmp">
      <Filter>Resource Files</Filter>
    </Image>
    <Image Include="res\bmp00007.bmp">
      <Filter>Resource Files</Filter>
    </Image>
    <Image Include="res\bmp00008.bmp">
      <Filter>Resource Files</Filter>
    </Image>
    <Image Include="res\bmp00009.bmp">
      <Filter>Resource Files</Filter>
    </Image>
    <Image Include="res\bmp00010.bmp">
      <Filter>Resource Files</Filter>
    </Image>
    <Image Include="res\bmp00011.bmp">
      <Filter>Resource Files</Filter>
    </Image>
    <Image Include="res\bmp00012.bmp">
      <Filter>Resource Files</Filter>
    </Image>
    <Image Include="res\bmp00013.bmp">
      <Filter>Resource Files</Filter>
    </Image>
    <Image Include="res\bmp00014.bmp">
      <Filter>Resource Files</Filter>
    </Image>
    <Image Include="res\bmp00015.bmp">
      <Filter>Resource Files</Filter>
    </Image>
    <Image Include="res\bmp00016.bmp">
      <Filter>Resource Files</Filter>
    </Image>
    <Image Include="res\bmp00017.bmp">
      <Filter>Resource Files</Filter>
    </Image>
    <Image Include="res\bmp00018.bmp">
      <Filter>Resource Files</Filter>
    </Image>
    <Image Include="res\bmp00019.bmp">
      <Filter>Resource Files</Filter>
    </Image>
    <Image Include="res\bmp00020.bmp">
      <Filter>Resource Files</Filter>
    </Image>
    <Image Include="res\brws_url.bmp">
      <Filter>Resource Files</Filter>
    </Image>
    <Image Include="res\clipview.bmp">
      <Filter>Resource Files</Filter>
    </Image>
    <Image Include="res\decrypt.bmp">
      <Filter>Resource Files</Filter>
    </Image>
    <Image Include="res\edit_cli.bmp">
      <Filter>Resource Files</Filter>
    </Image>
    <Image Include="res\edit_del.bmp">
      <Filter>Resource Files</Filter>
    </Image>
    <Image Include="res\edit_fil.bmp">
      <Filter>Resource Files</Filter>
    </Image>
    <Image Include="res\edit_ins.bmp">
      <Filter>Resource Files</Filter>
    </Image>
    <Image Include="res\encrypt.bmp">
      <Filter>Resource Files</Filter>
    </Image>
    <Image Include="res\file_cmp.bmp">
      <Filter>Resource Files</Filter>
    </Image>
    <Image Include="res\file_toc.bmp">
      <Filter>Resource Files</Filter>
    </Image>
    <Image Include="res\icon1.ico">
      <Filter>Resource Files</Filter>
    </Image>
    <Image Include="res\idr_main.ico">
      <Filter>Resource Files</Filter>
    </Image>
    <Image Include="res\ins_asm.bmp">
      <Filter>Resource Files</Filter>
    </Image>
    <Image Include="res\ins_cpp.bmp">
      <Filter>Resource Files</Filter>
    </Image>
    <Image Include="res\ins_day.bmp">
      <Filter>Resource Files</Filter>
    </Image>
    <Image Include="res\ins_tab.bmp">
      <Filter>Resource Files</Filter>
    </Image>
    <Image Include="res\ins_vb.bmp">
      <Filter>Resource Files</Filter>
    </Image>
    <Image Include="res\instime.bmp">
      <Filter>Resource Files</Filter>
    </Image>
    <Image Include="res\jump_nex.bmp">
      <Filter>Resource Files</Filter>
    </Image>
    <Image Include="res\jump_pre.bmp">
      <Filter>Resource Files</Filter>
    </Image>
    <Image Include="res\jump_set.bmp">
      <Filter>Resource Files</Filter>
    </Image>
    <Image Include="res\laugh.ico">
      <Filter>Resource Files</Filter>
    </Image>
    <Image Include="res\logo.bmp">
      <Filter>Resource Files</Filter>
    </Image>
    <Image Include="res\mailattach.bmp">
      <Filter>Resource Files</Filter>
    </Image>
    <Image Include="res\security.bmp">
      <Filter>Resource Files</Filter>
    </Image>
    <Image Include="res\setreado.bmp">
      <Filter>Resource Files</Filter>
    </Image>
    <Image Include="res\smallico.bmp">
      <Filter>Resource Files</Filter>
    </Image>
    <Image Include="res\splash.BMP">
      <Filter>Resource Files</Filter>
    </Image>
    <Image Include="res\Toolbar.bmp">
      <Filter>Resource Files</Filter>
    </Image>
    <Image Include="res\toolbar1.bmp">
      <Filter>Resource Files</Filter>
    </Image>
    <Image Include="res\toolbar_.bmp">
      <Filter>Resource Files</Filter>
    </Image>
    <Image Include="res\unreadon.bmp">
      <Filter>Resource Files</Filter>
    </Image>
    <Image Include="res\window_c.bmp">
      <Filter>Resource Files</Filter>
    </Image>
    <Image Include="res\window_s.bmp">
      <Filter>Resource Files</Filter>
    </Image>
    <Image Include="res\window_t.bmp">
      <Filter>Resource Files</Filter>
    </Image>
    <Image Include="res\wnd_acls.bmp">
      <Filter>Resource Files</Filter>
    </Image>
    <Image Include="res\wnd_arng.bmp">
      <Filter>Resource Files</Filter>
    </Image>
    <Image Include="res\wnd_casc.bmp">
      <Filter>Resource Files</Filter>
    </Image>
    <Image Include="res\wnd_clos.bmp">
      <Filter>Resource Files</Filter>
    </Image>
    <Image Include="res\wnd_hrz.bmp">
      <Filter>Resource Files</Filter>
    </Image>
    <Image Include="res\wnd_new.bmp">
      <Filter>Resource Files</Filter>
    </Image>
    <Image Include="res\wnd_next.bmp">
      <Filter>Resource Files</Filter>
    </Image>
    <Image Include="res\wnd_prev.bmp">
      <Filter>Resource Files</Filter>
    </Image>
    <Image Include="res\wnd_splt.bmp">
      <Filter>Resource Files</Filter>
    </Image>
    <Image Include="res\wnd_vrt.bmp">
      <Filter>Resource Files</Filter>
    </Image>
  </ItemGroup>
  <ItemGroup>
    <CustomBuild Include="res\cursor1.cur">
      <Filter>Resource Files</Filter>
    </CustomBuild>
    <CustomBuild Include="res\Editor.rc2">
      <Filter>Resource Files</Filter>
    </CustomBuild>
  </ItemGroup>
</Project>